
Microsoft Visual Studio Solution File, Format Version 12.00
# Visual Studio Version 16
VisualStudioVersion = 16.0.30611.23
MinimumVisualStudioVersion = 10.0.40219.1
Project("{FAE04EC0-301F-11D3-BF4B-00C04F79EFBC}") = "CCB-Administrativo", "CCB-Administrativo.csproj", "{37C83B30-BD6B-4620-8A5E-1C243C0B7365}"
EndProject
Global
	GlobalSection(SolutionConfigurationPlatforms) = preSolution
		Debug|Any CPU = Debug|Any CPU
		Release|Any CPU = Release|Any CPU
	EndGlobalSection
	GlobalSection(ProjectConfigurationPlatforms) = postSolution
		{37C83B30-BD6B-4620-8A5E-1C243C0B7365}.Debug|Any CPU.ActiveCfg = Debug|Any CPU
		{37C83B30-BD6B-4620-8A5E-1C243C0B7365}.Debug|Any CPU.Build.0 = Debug|Any CPU
		{37C83B30-BD6B-4620-8A5E-1C243C0B7365}.Release|Any CPU.ActiveCfg = Release|Any CPU
		{37C83B30-BD6B-4620-8A5E-1C243C0B7365}.Release|Any CPU.Build.0 = Release|Any CPU
	EndGlobalSection
	GlobalSection(SolutionProperties) = preSolution
		HideSolutionNode = FALSE
	EndGlobalSection
	GlobalSection(ExtensibilityGlobals) = postSolution
		SolutionGuid = {B15632B7-FAFC-4949-9B10-FF5EBD9FD4C1}
	EndGlobalSection
EndGlobal
